# This file is @generated by PDM.
# It is not intended for manual editing.

[metadata]
groups = ["default"]
strategy = ["inherit_metadata"]
lock_version = "4.5.0"
content_hash = "sha256:b5d75a70fa3a47e587e88db6359a7191ac1b31273f462aacfd6051267222dec9"

[[metadata.targets]]
requires_python = "~=3.13"

[[package]]
name = "sortedcontainers"
version = "2.4.0"
summary = "Sorted Containers -- Sorted List, Sorted Dict, Sorted Set"
groups = ["default"]
files = [
    {file = "sortedcontainers-2.4.0-py2.py3-none-any.whl", hash = "sha256:a163dcaede0f1c021485e957a39245190e74249897e2ae4b2aa38595db237ee0"},
    {file = "sortedcontainers-2.4.0.tar.gz", hash = "sha256:25caa5a06cc30b6b83d11423433f65d1f9d76c4c6a0c90e3379eaa43b9bfdb88"},
]
